// !$*UTF8*$!
{
	archiveVersion = 1;
	classes = {
	};
	objectVersion = 56;
	objects = {

/* Begin PBXBuildFile section */
		38DD663229F1DA0700C73549 /* AppDelegate.swift in Sources */ = {isa = PBXBuildFile; fileRef = 38DD663129F1DA0700C73549 /* AppDelegate.swift */; };
		38DD663429F1DA0700C73549 /* SceneDelegate.swift in Sources */ = {isa = PBXBuildFile; fileRef = 38DD663329F1DA0700C73549 /* SceneDelegate.swift */; };
		38DD663629F1DA0700C73549 /* ViewController.swift in Sources */ = {isa = PBXBuildFile; fileRef = 38DD663529F1DA0700C73549 /* ViewController.swift */; };
		38DD663B29F1DA0C00C73549 /* Assets.xcassets in Resources */ = {isa = PBXBuildFile; fileRef = 38DD663A29F1DA0C00C73549 /* Assets.xcassets */; };
		38DD664929F1DA0D00C73549 /* TableViewTestsTests.swift in Sources */ = {isa = PBXBuildFile; fileRef = 38DD664829F1DA0D00C73549 /* TableViewTestsTests.swift */; };
		38DD666229F1DE0D00C73549 /* RemoteService.swift in Sources */ = {isa = PBXBuildFile; fileRef = 38DD666129F1DE0D00C73549 /* RemoteService.swift */; };
/* End PBXBuildFile section */

/* Begin PBXContainerItemProxy section */
		38DD664529F1DA0D00C73549 /* PBXContainerItemProxy */ = {
			isa = PBXContainerItemProxy;
			containerPortal = 38DD662629F1DA0700C73549 /* Project object */;
			proxyType = 1;
			remoteGlobalIDString = 38DD662D29F1DA0700C73549;
			remoteInfo = TableViewTests;
		};
/* End PBXContainerItemProxy section */

/* Begin PBXFileReference section */
		38DD662E29F1DA0700C73549 /* TableViewTests.app */ = {isa = PBXFileReference; explicitFileType = wrapper.application; includeInIndex = 0; path = TableViewTests.app; sourceTree = BUILT_PRODUCTS_DIR; };
		38DD663129F1DA0700C73549 /* AppDelegate.swift */ = {isa = PBXFileReference; lastKnownFileType = sourcecode.swift; path = AppDelegate.swift; sourceTree = "<group>"; };
		38DD663329F1DA0700C73549 /* SceneDelegate.swift */ = {isa = PBXFileReference; lastKnownFileType = sourcecode.swift; path = SceneDelegate.swift; sourceTree = "<group>"; };
		38DD663529F1DA0700C73549 /* ViewController.swift */ = {isa = PBXFileReference; lastKnownFileType = sourcecode.swift; path = ViewController.swift; sourceTree = "<group>"; };
		38DD663A29F1DA0C00C73549 /* Assets.xcassets */ = {isa = PBXFileReference; lastKnownFileType = folder.assetcatalog; path = Assets.xcassets; sourceTree = "<group>"; };
		38DD663F29F1DA0C00C73549 /* Info.plist */ = {isa = PBXFileReference; lastKnownFileType = text.plist.xml; path = Info.plist; sourceTree = "<group>"; };
		38DD664429F1DA0D00C73549 /* TableViewTestsTests.xctest */ = {isa = PBXFileReference; explicitFileType = wrapper.cfbundle; includeInIndex = 0; path = TableViewTestsTests.xctest; sourceTree = BUILT_PRODUCTS_DIR; };
		38DD664829F1DA0D00C73549 /* TableViewTestsTests.swift */ = {isa = PBXFileReference; lastKnownFileType = sourcecode.swift; path = TableViewTestsTests.swift; sourceTree = "<group>"; };
		38DD666129F1DE0D00C73549 /* RemoteService.swift */ = {isa = PBXFileReference; lastKnownFileType = sourcecode.swift; path = RemoteService.swift; sourceTree = "<group>"; };
/* End PBXFileReference section */

/* Begin PBXFrameworksBuildPhase section */
		38DD662B29F1DA0700C73549 /* Frameworks */ = {
			isa = PBXFrameworksBuildPhase;
			buildActionMask = 2147483647;
			files = (
			);
			runOnlyForDeploymentPostprocessing = 0;
		};
		38DD664129F1DA0D00C73549 /* Frameworks */ = {
			isa = PBXFrameworksBuildPhase;
			buildActionMask = 2147483647;
			files = (
			);
			runOnlyForDeploymentPostprocessing = 0;
		};
/* End PBXFrameworksBuildPhase section */

/* Begin PBXGroup section */
		38DD662529F1DA0700C73549 = {
			isa = PBXGroup;
			children = (
				38DD663029F1DA0700C73549 /* TableViewTests */,
				38DD664729F1DA0D00C73549 /* TableViewTestsTests */,
				38DD662F29F1DA0700C73549 /* Products */,
			);
			sourceTree = "<group>";
		};
		38DD662F29F1DA0700C73549 /* Products */ = {
			isa = PBXGroup;
			children = (
				38DD662E29F1DA0700C73549 /* TableViewTests.app */,
				38DD664429F1DA0D00C73549 /* TableViewTestsTests.xctest */,
			);
			name = Products;
			sourceTree = "<group>";
		};
		38DD663029F1DA0700C73549 /* TableViewTests */ = {
			isa = PBXGroup;
			children = (
				38DD663129F1DA0700C73549 /* AppDelegate.swift */,
				38DD663329F1DA0700C73549 /* SceneDelegate.swift */,
				38DD663529F1DA0700C73549 /* ViewController.swift */,
				38DD666129F1DE0D00C73549 /* RemoteService.swift */,
				38DD663A29F1DA0C00C73549 /* Assets.xcassets */,
				38DD663F29F1DA0C00C73549 /* Info.plist */,
			);
			path = TableViewTests;
			sourceTree = "<group>";
		};
		38DD664729F1DA0D00C73549 /* TableViewTestsTests */ = {
			isa = PBXGroup;
			children = (
				38DD664829F1DA0D00C73549 /* TableViewTestsTests.swift */,
			);
			path = TableViewTestsTests;
			sourceTree = "<group>";
		};
/* End PBXGroup section */

/* Begin PBXNativeTarget section */
		38DD662D29F1DA0700C73549 /* TableViewTests */ = {
			isa = PBXNativeTarget;
			buildConfigurationList = 38DD665829F1DA0D00C73549 /* Build configuration list for PBXNativeTarget "TableViewTests" */;
			buildPhases = (
				38DD662A29F1DA0700C73549 /* Sources */,
				38DD662B29F1DA0700C73549 /* Frameworks */,
				38DD662C29F1DA0700C73549 /* Resources */,
			);
			buildRules = (
			);
			dependencies = (
			);
			name = TableViewTests;
			productName = TableViewTests;
			productReference = 38DD662E29F1DA0700C73549 /* TableViewTests.app */;
			productType = "com.apple.product-type.application";
		};
		38DD664329F1DA0D00C73549 /* TableViewTestsTests */ = {
			isa = PBXNativeTarget;
			buildConfigurationList = 38DD665B29F1DA0D00C73549 /* Build configuration list for PBXNativeTarget "TableViewTestsTests" */;
			buildPhases = (
				38DD664029F1DA0D00C73549 /* Sources */,
				38DD664129F1DA0D00C73549 /* Frameworks */,
				38DD664229F1DA0D00C73549 /* Resources */,
			);
			buildRules = (
			);
			dependencies = (
				38DD664629F1DA0D00C73549 /* PBXTargetDependency */,
			);
			name = TableViewTestsTests;
			productName = TableViewTestsTests;
			productReference = 38DD664429F1DA0D00C73549 /* TableViewTestsTests.xctest */;
			productType = "com.apple.product-type.bundle.unit-test";
		};
/* End PBXNativeTarget section */

/* Begin PBXProject section */
		38DD662629F1DA0700C73549 /* Project object */ = {
			isa = PBXProject;
			attributes = {
				BuildIndependentTargetsInParallel = 1;
				LastSwiftUpdateCheck = 1420;
				LastUpgradeCheck = 1420;
				TargetAttributes = {
					38DD662D29F1DA0700C73549 = {
						CreatedOnToolsVersion = 14.2;
					};
					38DD664329F1DA0D00C73549 = {
						CreatedOnToolsVersion = 14.2;
						TestTargetID = 38DD662D29F1DA0700C73549;
					};
				};
			};
			buildConfigurationList = 38DD662929F1DA0700C73549 /* Build configuration list for PBXProject "TableViewTests" */;
			compatibilityVersion = "Xcode 14.0";
			developmentRegion = en;
			hasScannedForEncodings = 0;
			knownRegions = (
				en,
				Base,
			);
			mainGroup = 38DD662529F1DA0700C73549;
			productRefGroup = 38DD662F29F1DA0700C73549 /* Products */;
			projectDirPath = "";
			projectRoot = "";
			targets = (
				38DD662D29F1DA0700C73549 /* TableViewTests */,
				38DD664329F1DA0D00C73549 /* TableViewTestsTests */,
			);
		};
/* End PBXProject section */

/* Begin PBXResourcesBuildPhase section */
		38DD662C29F1DA0700C73549 /* Resources */ = {
			isa = PBXResourcesBuildPhase;
			buildActionMask = 2147483647;
			files = (
				38DD663B29F1DA0C00C73549 /* Assets.xcassets in Resources */,
			);
			runOnlyForDeploymentPostprocessing = 0;
		};
		38DD664229F1DA0D00C73549 /* Resources */ = {
			isa = PBXResourcesBuildPhase;
			buildActionMask = 2147483647;
			files = (
			);
			runOnlyForDeploymentPostprocessing = 0;
		};
/* End PBXResourcesBuildPhase section */

/* Begin PBXSourcesBuildPhase section */
		38DD662A29F1DA0700C73549 /* Sources */ = {
			isa = PBXSourcesBuildPhase;
			buildActionMask = 2147483647;
			files = (
				38DD663629F1DA0700C73549 /* ViewController.swift in Sources */,
				38DD663229F1DA0700C73549 /* AppDelegate.swift in Sources */,
				38DD663429F1DA0700C73549 /* SceneDelegate.swift in Sources */,
				38DD666229F1DE0D00C73549 /* RemoteService.swift in Sources */,
			);
			runOnlyForDeploymentPostprocessing = 0;
		};
		38DD664029F1DA0D00C73549 /* Sources */ = {
			isa = PBXSourcesBuildPhase;
			buildActionMask = 2147483647;
			files = (
				38DD664929F1DA0D00C73549 /* TableViewTestsTests.swift in Sources */,
			);
			runOnlyForDeploymentPostprocessing = 0;
		};
/* End PBXSourcesBuildPhase section */

/* Begin PBXTargetDependency section */
		38DD664629F1DA0D00C73549 /* PBXTargetDependency */ = {
			isa = PBXTargetDependency;
			target = 38DD662D29F1DA0700C73549 /* TableViewTests */;
			targetProxy = 38DD664529F1DA0D00C73549 /* PBXContainerItemProxy */;
		};
/* End PBXTargetDependency section */

/* Begin XCBuildConfiguration section */
		38DD665629F1DA0D00C73549 /* Debug */ = {
			isa = XCBuildConfiguration;
			buildSettings = {
				ALWAYS_SEARCH_USER_PATHS = NO;
				CLANG_ANALYZER_NONNULL = YES;
				CLANG_ANALYZER_NUMBER_OBJECT_CONVERSION = YES_AGGRESSIVE;
				CLANG_CXX_LANGUAGE_STANDARD = "gnu++20";
				CLANG_ENABLE_MODULES = YES;
				CLANG_ENABLE_OBJC_ARC = YES;
				CLANG_ENABLE_OBJC_WEAK = YES;
				CLANG_WARN_BLOCK_CAPTURE_AUTORELEASING = YES;
				CLANG_WARN_BOOL_CONVERSION = YES;
				CLANG_WARN_COMMA = YES;
				CLANG_WARN_CONSTANT_CONVERSION = YES;
				CLANG_WARN_DEPRECATED_OBJC_IMPLEMENTATIONS = YES;
				CLANG_WARN_DIRECT_OBJC_ISA_USAGE = YES_ERROR;
				CLANG_WARN_DOCUMENTATION_COMMENTS = YES;
				CLANG_WARN_EMPTY_BODY = YES;
				CLANG_WARN_ENUM_CONVERSION = YES;
				CLANG_WARN_INFINITE_RECURSION = YES;
				CLANG_WARN_INT_CONVERSION = YES;
				CLANG_WARN_NON_LITERAL_NULL_CONVERSION = YES;
				CLANG_WARN_OBJC_IMPLICIT_RETAIN_SELF = YES;
				CLANG_WARN_OBJC_LITERAL_CONVERSION = YES;
				CLANG_WARN_OBJC_ROOT_CLASS = YES_ERROR;
				CLANG_WARN_QUOTED_INCLUDE_IN_FRAMEWORK_HEADER = YES;
				CLANG_WARN_RANGE_LOOP_ANALYSIS = YES;
				CLANG_WARN_STRICT_PROTOTYPES = YES;
				CLANG_WARN_SUSPICIOUS_MOVE = YES;
				CLANG_WARN_UNGUARDED_AVAILABILITY = YES_AGGRESSIVE;
				CLANG_WARN_UNREACHABLE_CODE = YES;
				CLANG_WARN__DUPLICATE_METHOD_MATCH = YES;
				COPY_PHASE_STRIP = NO;
				DEBUG_INFORMATION_FORMAT = dwarf;
				ENABLE_STRICT_OBJC_MSGSEND = YES;
				ENABLE_TESTABILITY = YES;
				GCC_C_LANGUAGE_STANDARD = gnu11;
				GCC_DYNAMIC_NO_PIC = NO;
				GCC_NO_COMMON_BLOCKS = YES;
				GCC_OPTIMIZATION_LEVEL = 0;
				GCC_PREPROCESSOR_DEFINITIONS = (
					"DEBUG=1",
					"$(inherited)",
				);
				GCC_WARN_64_TO_32_BIT_CONVERSION = YES;
				GCC_WARN_ABOUT_RETURN_TYPE = YES_ERROR;
				GCC_WARN_UNDECLARED_SELECTOR = YES;
				GCC_WARN_UNINITIALIZED_AUTOS = YES_AGGRESSIVE;
				GCC_WARN_UNUSED_FUNCTION = YES;
				GCC_WARN_UNUSED_VARIABLE = YES;
				IPHONEOS_DEPLOYMENT_TARGET = 16.2;
				MTL_ENABLE_DEBUG_INFO = INCLUDE_SOURCE;
				MTL_FAST_MATH = YES;
				ONLY_ACTIVE_ARCH = YES;
				SDKROOT = iphoneos;
				SWIFT_ACTIVE_COMPILATION_CONDITIONS = DEBUG;
				SWIFT_OPTIMIZATION_LEVEL = "-Onone";
			};
			name = Debug;
		};
		38DD665729F1DA0D00C73549 /* Release */ = {
			isa = XCBuildConfiguration;
			buildSettings = {
				ALWAYS_SEARCH_USER_PATHS = NO;
				CLANG_ANALYZER_NONNULL = YES;
				CLANG_ANALYZER_NUMBER_OBJECT_CONVERSION = YES_AGGRESSIVE;
				CLANG_CXX_LANGUAGE_STANDARD = "gnu++20";
				CLANG_ENABLE_MODULES = YES;
				CLANG_ENABLE_OBJC_ARC = YES;
				CLANG_ENABLE_OBJC_WEAK = YES;
				CLANG_WARN_BLOCK_CAPTURE_AUTORELEASING = YES;
				CLANG_WARN_BOOL_CONVERSION = YES;
				CLANG_WARN_COMMA = YES;
				CLANG_WARN_CONSTANT_CONVERSION = YES;
				CLANG_WARN_DEPRECATED_OBJC_IMPLEMENTATIONS = YES;
				CLANG_WARN_DIRECT_OBJC_ISA_USAGE = YES_ERROR;
				CLANG_WARN_DOCUMENTATION_COMMENTS = YES;
				CLANG_WARN_EMPTY_BODY = YES;
				CLANG_WARN_ENUM_CONVERSION = YES;
				CLANG_WARN_INFINITE_RECURSION = YES;
				CLANG_WARN_INT_CONVERSION = YES;
				CLANG_WARN_NON_LITERAL_NULL_CONVERSION = YES;
				CLANG_WARN_OBJC_IMPLICIT_RETAIN_SELF = YES;
				CLANG_WARN_OBJC_LITERAL_CONVERSION = YES;
				CLANG_WARN_OBJC_ROOT_CLASS = YES_ERROR;
				CLANG_WARN_QUOTED_INCLUDE_IN_FRAMEWORK_HEADER = YES;
				CLANG_WARN_RANGE_LOOP_ANALYSIS = YES;
				CLANG_WARN_STRICT_PROTOTYPES = YES;
				CLANG_WARN_SUSPICIOUS_MOVE = YES;
				CLANG_WARN_UNGUARDED_AVAILABILITY = YES_AGGRESSIVE;
				CLANG_WARN_UNREACHABLE_CODE = YES;
				CLANG_WARN__DUPLICATE_METHOD_MATCH = YES;
				COPY_PHASE_STRIP = NO;
				DEBUG_INFORMATION_FORMAT = "dwarf-with-dsym";
				ENABLE_NS_ASSERTIONS = NO;
				ENABLE_STRICT_OBJC_MSGSEND = YES;
				GCC_C_LANGUAGE_STANDARD = gnu11;
				GCC_NO_COMMON_BLOCKS = YES;
				GCC_WARN_64_TO_32_BIT_CONVERSION = YES;
				GCC_WARN_ABOUT_RETURN_TYPE = YES_ERROR;
				GCC_WARN_UNDECLARED_SELECTOR = YES;
				GCC_WARN_UNINITIALIZED_AUTOS = YES_AGGRESSIVE;
				GCC_WARN_UNUSED_FUNCTION = YES;
				GCC_WARN_UNUSED_VARIABLE = YES;
				IPHONEOS_DEPLOYMENT_TARGET = 16.2;
				MTL_ENABLE_DEBUG_INFO = NO;
				MTL_FAST_MATH = YES;
				SDKROOT = iphoneos;
				SWIFT_COMPILATION_MODE = wholemodule;
				SWIFT_OPTIMIZATION_LEVEL = "-O";
				VALIDATE_PRODUCT = YES;
			};
			name = Release;
		};
		38DD665929F1DA0D00C73549 /* Debug */ = {
			isa = XCBuildConfiguration;
			buildSettings = {
				ASSETCATALOG_COMPILER_APPICON_NAME = AppIcon;
				ASSETCATALOG_COMPILER_GLOBAL_ACCENT_COLOR_NAME = AccentColor;
				CODE_SIGN_STYLE = Automatic;
				CURRENT_PROJECT_VERSION = 1;
				GENERATE_INFOPLIST_FILE = YES;
				INFOPLIST_FILE = TableViewTests/Info.plist;
				INFOPLIST_KEY_UIApplicationSupportsIndirectInputEvents = YES;
				INFOPLIST_KEY_UILaunchStoryboardName = LaunchScreen;
				INFOPLIST_KEY_UISupportedInterfaceOrientations_iPad = "UIInterfaceOrientationPortrait UIInterfaceOrientationPortraitUpsideDown UIInterfaceOrientationLandscapeLeft UIInterfaceOrientationLandscapeRight";
				INFOPLIST_KEY_UISupportedInterfaceOrientations_iPhone = "UIInterfaceOrientationPortrait UIInterfaceOrientationLandscapeLeft UIInterfaceOrientationLandscapeRight";
				LD_RUNPATH_SEARCH_PATHS = (
					"$(inherited)",
					"@executable_path/Frameworks",
				);
				MARKETING_VERSION = 1.0;
				PRODUCT_BUNDLE_IDENTIFIER = abner.TableViewTests;
				PRODUCT_NAME = "$(TARGET_NAME)";
				SWIFT_EMIT_LOC_STRINGS = YES;
				SWIFT_VERSION = 5.0;
				TARGETED_DEVICE_FAMILY = "1,2";
			};
			name = Debug;
		};
		38DD665A29F1DA0D00C73549 /* Release */ = {
			isa = XCBuildConfiguration;
			buildSettings = {
				ASSETCATALOG_COMPILER_APPICON_NAME = AppIcon;
				ASSETCATALOG_COMPILER_GLOBAL_ACCENT_COLOR_NAME = AccentColor;
				CODE_SIGN_STYLE = Automatic;
				CURRENT_PROJECT_VERSION = 1;
				GENERATE_INFOPLIST_FILE = YES;
				INFOPLIST_FILE = TableViewTests/Info.plist;
				INFOPLIST_KEY_UIApplicationSupportsIndirectInputEvents = YES;
				INFOPLIST_KEY_UILaunchStoryboardName = LaunchScreen;
				INFOPLIST_KEY_UISupportedInterfaceOrientations_iPad = "UIInterfaceOrientationPortrait UIInterfaceOrientationPortraitUpsideDown UIInterfaceOrientationLandscapeLeft UIInterfaceOrientationLandscapeRight";
				INFOPLIST_KEY_UISupportedInterfaceOrientations_iPhone = "UIInterfaceOrientationPortrait UIInterfaceOrientationLandscapeLeft UIInterfaceOrientationLandscapeRight";
				LD_RUNPATH_SEARCH_PATHS = (
					"$(inherited)",
					"@executable_path/Frameworks",
				);
				MARKETING_VERSION = 1.0;
				PRODUCT_BUNDLE_IDENTIFIER = abner.TableViewTests;
				PRODUCT_NAME = "$(TARGET_NAME)";
				SWIFT_EMIT_LOC_STRINGS = YES;
				SWIFT_VERSION = 5.0;
				TARGETED_DEVICE_FAMILY = "1,2";
			};
			name = Release;
		};
		38DD665C29F1DA0D00C73549 /* Debug */ = {
			isa = XCBuildConfiguration;
			buildSettings = {
				ALWAYS_EMBED_SWIFT_STANDARD_LIBRARIES = YES;
				BUNDLE_LOADER = "$(TEST_HOST)";
				CODE_SIGN_STYLE = Automatic;
				CURRENT_PROJECT_VERSION = 1;
				GENERATE_INFOPLIST_FILE = YES;
				IPHONEOS_DEPLOYMENT_TARGET = 16.2;
				MARKETING_VERSION = 1.0;
				PRODUCT_BUNDLE_IDENTIFIER = abner.TableViewTestsTests;
				PRODUCT_NAME = "$(TARGET_NAME)";
				SWIFT_EMIT_LOC_STRINGS = NO;
				SWIFT_VERSION = 5.0;
				TARGETED_DEVICE_FAMILY = "1,2";
				TEST_HOST = "$(BUILT_PRODUCTS_DIR)/TableViewTests.app/$(BUNDLE_EXECUTABLE_FOLDER_PATH)/TableViewTests";
			};
			name = Debug;
		};
		38DD665D29F1DA0D00C73549 /* Release */ = {
			isa = XCBuildConfiguration;
			buildSettings = {
				ALWAYS_EMBED_SWIFT_STANDARD_LIBRARIES = YES;
				BUNDLE_LOADER = "$(TEST_HOST)";
				CODE_SIGN_STYLE = Automatic;
				CURRENT_PROJECT_VERSION = 1;
				GENERATE_INFOPLIST_FILE = YES;
				IPHONEOS_DEPLOYMENT_TARGET = 16.2;
				MARKETING_VERSION = 1.0;
				PRODUCT_BUNDLE_IDENTIFIER = abner.TableViewTestsTests;
				PRODUCT_NAME = "$(TARGET_NAME)";
				SWIFT_EMIT_LOC_STRINGS = NO;
				SWIFT_VERSION = 5.0;
				TARGETED_DEVICE_FAMILY = "1,2";
				TEST_HOST = "$(BUILT_PRODUCTS_DIR)/TableViewTests.app/$(BUNDLE_EXECUTABLE_FOLDER_PATH)/TableViewTests";
			};
			name = Release;
		};
/* End XCBuildConfiguration section */

/* Begin XCConfigurationList section */
		38DD662929F1DA0700C73549 /* Build configuration list for PBXProject "TableViewTests" */ = {
			isa = XCConfigurationList;
			buildConfigurations = (
				38DD665629F1DA0D00C73549 /* Debug */,
				38DD665729F1DA0D00C73549 /* Release */,
			);
			defaultConfigurationIsVisible = 0;
			defaultConfigurationName = Release;
		};
		38DD665829F1DA0D00C73549 /* Build configuration list for PBXNativeTarget "TableViewTests" */ = {
			isa = XCConfigurationList;
			buildConfigurations = (
				38DD665929F1DA0D00C73549 /* Debug */,
				38DD665A29F1DA0D00C73549 /* Release */,
			);
			defaultConfigurationIsVisible = 0;
			defaultConfigurationName = Release;
		};
		38DD665B29F1DA0D00C73549 /* Build configuration list for PBXNativeTarget "TableViewTestsTests" */ = {
			isa = XCConfigurationList;
			buildConfigurations = (
				38DD665C29F1DA0D00C73549 /* Debug */,
				38DD665D29F1DA0D00C73549 /* Release */,
			);
			defaultConfigurationIsVisible = 0;
			defaultConfigurationName = Release;
		};
/* End XCConfigurationList section */
	};
	rootObject = 38DD662629F1DA0700C73549 /* Project object */;
}
